
Microsoft Visual Studio Solution File, Format Version 12.00
# Visual Studio Version 16
VisualStudioVersion = 16.0.30011.22
MinimumVisualStudioVersion = 10.0.40219.1
Project("{FAE04EC0-301F-11D3-BF4B-00C04F79EFBC}") = "AzureCosmosDB", "AzureCosmosDB\AzureCosmosDB.csproj", "{9DC19E57-A8CA-43DA-8695-7E43F49B49C5}"
EndProject
Global
	GlobalSection(SolutionConfigurationPlatforms) = preSolution
		Debug|Any CPU = Debug|Any CPU
		Release|Any CPU = Release|Any CPU
	EndGlobalSection
	GlobalSection(ProjectConfigurationPlatforms) = postSolution
		{9DC19E57-A8CA-43DA-8695-7E43F49B49C5}.Debug|Any CPU.ActiveCfg = Debug|Any CPU
		{9DC19E57-A8CA-43DA-8695-7E43F49B49C5}.Debug|Any CPU.Build.0 = Debug|Any CPU
		{9DC19E57-A8CA-43DA-8695-7E43F49B49C5}.Release|Any CPU.ActiveCfg = Release|Any CPU
		{9DC19E57-A8CA-43DA-8695-7E43F49B49C5}.Release|Any CPU.Build.0 = Release|Any CPU
	EndGlobalSection
	GlobalSection(SolutionProperties) = preSolution
		HideSolutionNode = FALSE
	EndGlobalSection
	GlobalSection(ExtensibilityGlobals) = postSolution
		SolutionGuid = {DA9DD052-61AE-4AA0-900E-F5824C0B55C6}
	EndGlobalSection
EndGlobal
